// !$*UTF8*$!
{
	archiveVersion = 1;
	classes = {
	};
	objectVersion = 56;
	objects = {

/* Begin PBXBuildFile section */
		2B9455182BC7CFA800CC8D6D /* AppDelegate.swift in Sources */ = {isa = PBXBuildFile; fileRef = 2B9455172BC7CFA800CC8D6D /* AppDelegate.swift */; };
		2B94551A2BC7CFA800CC8D6D /* SceneDelegate.swift in Sources */ = {isa = PBXBuildFile; fileRef = 2B9455192BC7CFA800CC8D6D /* SceneDelegate.swift */; };
		2B94551C2BC7CFA800CC8D6D /* ViewController.swift in Sources */ = {isa = PBXBuildFile; fileRef = 2B94551B2BC7CFA800CC8D6D /* ViewController.swift */; };
		2B94551F2BC7CFA800CC8D6D /* Main.storyboard in Resources */ = {isa = PBXBuildFile; fileRef = 2B94551D2BC7CFA800CC8D6D /* Main.storyboard */; };
		2B9455212BC7CFAA00CC8D6D /* Assets.xcassets in Resources */ = {isa = PBXBuildFile; fileRef = 2B9455202BC7CFAA00CC8D6D /* Assets.xcassets */; };
		2B9455242BC7CFAA00CC8D6D /* LaunchScreen.storyboard in Resources */ = {isa = PBXBuildFile; fileRef = 2B9455222BC7CFAA00CC8D6D /* LaunchScreen.storyboard */; };
		2B94552C2BC7CFBF00CC8D6D /* .gitignore in Resources */ = {isa = PBXBuildFile; fileRef = 2B94552B2BC7CFBF00CC8D6D /* .gitignore */; };
		2B94552E2BC7D00100CC8D6D /* APIKey.swift in Sources */ = {isa = PBXBuildFile; fileRef = 2B94552D2BC7D00100CC8D6D /* APIKey.swift */; };
		2B9455302BC7D05F00CC8D6D /* SignInViewController.swift in Sources */ = {isa = PBXBuildFile; fileRef = 2B94552F2BC7D05F00CC8D6D /* SignInViewController.swift */; };
		2B9455332BC7D08900CC8D6D /* SignView.swift in Sources */ = {isa = PBXBuildFile; fileRef = 2B9455322BC7D08900CC8D6D /* SignView.swift */; };
		2B9455382BC800F900CC8D6D /* SnapKit in Frameworks */ = {isa = PBXBuildFile; productRef = 2B9455372BC800F900CC8D6D /* SnapKit */; };
		2B94553B2BC8011400CC8D6D /* RxCocoa in Frameworks */ = {isa = PBXBuildFile; productRef = 2B94553A2BC8011400CC8D6D /* RxCocoa */; };
		2B94553D2BC8011400CC8D6D /* RxRelay in Frameworks */ = {isa = PBXBuildFile; productRef = 2B94553C2BC8011400CC8D6D /* RxRelay */; };
		2B94553F2BC8011400CC8D6D /* RxSwift in Frameworks */ = {isa = PBXBuildFile; productRef = 2B94553E2BC8011400CC8D6D /* RxSwift */; };
		2B9455422BC8049000CC8D6D /* ViewModelType.swift in Sources */ = {isa = PBXBuildFile; fileRef = 2B9455412BC8049000CC8D6D /* ViewModelType.swift */; };
		2B9455442BC804F200CC8D6D /* SignInViewModel.swift in Sources */ = {isa = PBXBuildFile; fileRef = 2B9455432BC804F200CC8D6D /* SignInViewModel.swift */; };
		2B9455472BC8101200CC8D6D /* LoginQuery.swift in Sources */ = {isa = PBXBuildFile; fileRef = 2B9455462BC8101200CC8D6D /* LoginQuery.swift */; };
		2B9455492BC8123600CC8D6D /* TargetType.swift in Sources */ = {isa = PBXBuildFile; fileRef = 2B9455482BC8123600CC8D6D /* TargetType.swift */; };
		2B94554C2BC8125500CC8D6D /* Alamofire in Frameworks */ = {isa = PBXBuildFile; productRef = 2B94554B2BC8125500CC8D6D /* Alamofire */; };
		2B94554E2BC8125500CC8D6D /* AlamofireDynamic in Frameworks */ = {isa = PBXBuildFile; productRef = 2B94554D2BC8125500CC8D6D /* AlamofireDynamic */; };
		2B9455502BC8127300CC8D6D /* HTTPHeader.swift in Sources */ = {isa = PBXBuildFile; fileRef = 2B94554F2BC8127300CC8D6D /* HTTPHeader.swift */; };
		2B9455522BC8128F00CC8D6D /* NetworkManager.swift in Sources */ = {isa = PBXBuildFile; fileRef = 2B9455512BC8128F00CC8D6D /* NetworkManager.swift */; };
		2B9455552BC8149D00CC8D6D /* LoginModel.swift in Sources */ = {isa = PBXBuildFile; fileRef = 2B9455542BC8149D00CC8D6D /* LoginModel.swift */; };
		2B9455572BC814CD00CC8D6D /* Router.swift in Sources */ = {isa = PBXBuildFile; fileRef = 2B9455562BC814CD00CC8D6D /* Router.swift */; };
		2B9455592BC8173000CC8D6D /* SignUpViewController.swift in Sources */ = {isa = PBXBuildFile; fileRef = 2B9455582BC8173000CC8D6D /* SignUpViewController.swift */; };
/* End PBXBuildFile section */

/* Begin PBXFileReference section */
		2B9455142BC7CFA800CC8D6D /* LSLPTest.app */ = {isa = PBXFileReference; explicitFileType = wrapper.application; includeInIndex = 0; path = LSLPTest.app; sourceTree = BUILT_PRODUCTS_DIR; };
		2B9455172BC7CFA800CC8D6D /* AppDelegate.swift */ = {isa = PBXFileReference; lastKnownFileType = sourcecode.swift; path = AppDelegate.swift; sourceTree = "<group>"; };
		2B9455192BC7CFA800CC8D6D /* SceneDelegate.swift */ = {isa = PBXFileReference; lastKnownFileType = sourcecode.swift; path = SceneDelegate.swift; sourceTree = "<group>"; };
		2B94551B2BC7CFA800CC8D6D /* ViewController.swift */ = {isa = PBXFileReference; lastKnownFileType = sourcecode.swift; path = ViewController.swift; sourceTree = "<group>"; };
		2B94551E2BC7CFA800CC8D6D /* Base */ = {isa = PBXFileReference; lastKnownFileType = file.storyboard; name = Base; path = Base.lproj/Main.storyboard; sourceTree = "<group>"; };
		2B9455202BC7CFAA00CC8D6D /* Assets.xcassets */ = {isa = PBXFileReference; lastKnownFileType = folder.assetcatalog; path = Assets.xcassets; sourceTree = "<group>"; };
		2B9455232BC7CFAA00CC8D6D /* Base */ = {isa = PBXFileReference; lastKnownFileType = file.storyboard; name = Base; path = Base.lproj/LaunchScreen.storyboard; sourceTree = "<group>"; };
		2B9455252BC7CFAA00CC8D6D /* Info.plist */ = {isa = PBXFileReference; lastKnownFileType = text.plist.xml; path = Info.plist; sourceTree = "<group>"; };
		2B94552B2BC7CFBF00CC8D6D /* .gitignore */ = {isa = PBXFileReference; lastKnownFileType = text; path = .gitignore; sourceTree = "<group>"; };
		2B94552D2BC7D00100CC8D6D /* APIKey.swift */ = {isa = PBXFileReference; lastKnownFileType = sourcecode.swift; path = APIKey.swift; sourceTree = "<group>"; };
		2B94552F2BC7D05F00CC8D6D /* SignInViewController.swift */ = {isa = PBXFileReference; lastKnownFileType = sourcecode.swift; path = SignInViewController.swift; sourceTree = "<group>"; };
		2B9455322BC7D08900CC8D6D /* SignView.swift */ = {isa = PBXFileReference; lastKnownFileType = sourcecode.swift; path = SignView.swift; sourceTree = "<group>"; };
		2B9455412BC8049000CC8D6D /* ViewModelType.swift */ = {isa = PBXFileReference; lastKnownFileType = sourcecode.swift; path = ViewModelType.swift; sourceTree = "<group>"; };
		2B9455432BC804F200CC8D6D /* SignInViewModel.swift */ = {isa = PBXFileReference; lastKnownFileType = sourcecode.swift; path = SignInViewModel.swift; sourceTree = "<group>"; };
		2B9455462BC8101200CC8D6D /* LoginQuery.swift */ = {isa = PBXFileReference; lastKnownFileType = sourcecode.swift; path = LoginQuery.swift; sourceTree = "<group>"; };
		2B9455482BC8123600CC8D6D /* TargetType.swift */ = {isa = PBXFileReference; lastKnownFileType = sourcecode.swift; path = TargetType.swift; sourceTree = "<group>"; };
		2B94554F2BC8127300CC8D6D /* HTTPHeader.swift */ = {isa = PBXFileReference; lastKnownFileType = sourcecode.swift; path = HTTPHeader.swift; sourceTree = "<group>"; };
		2B9455512BC8128F00CC8D6D /* NetworkManager.swift */ = {isa = PBXFileReference; lastKnownFileType = sourcecode.swift; path = NetworkManager.swift; sourceTree = "<group>"; };
		2B9455542BC8149D00CC8D6D /* LoginModel.swift */ = {isa = PBXFileReference; lastKnownFileType = sourcecode.swift; path = LoginModel.swift; sourceTree = "<group>"; };
		2B9455562BC814CD00CC8D6D /* Router.swift */ = {isa = PBXFileReference; lastKnownFileType = sourcecode.swift; path = Router.swift; sourceTree = "<group>"; };
		2B9455582BC8173000CC8D6D /* SignUpViewController.swift */ = {isa = PBXFileReference; lastKnownFileType = sourcecode.swift; path = SignUpViewController.swift; sourceTree = "<group>"; };
/* End PBXFileReference section */

/* Begin PBXFrameworksBuildPhase section */
		2B9455112BC7CFA800CC8D6D /* Frameworks */ = {
			isa = PBXFrameworksBuildPhase;
			buildActionMask = 2147483647;
			files = (
				2B94554C2BC8125500CC8D6D /* Alamofire in Frameworks */,
				2B94554E2BC8125500CC8D6D /* AlamofireDynamic in Frameworks */,
				2B94553D2BC8011400CC8D6D /* RxRelay in Frameworks */,
				2B94553B2BC8011400CC8D6D /* RxCocoa in Frameworks */,
				2B94553F2BC8011400CC8D6D /* RxSwift in Frameworks */,
				2B9455382BC800F900CC8D6D /* SnapKit in Frameworks */,
			);
			runOnlyForDeploymentPostprocessing = 0;
		};
/* End PBXFrameworksBuildPhase section */

/* Begin PBXGroup section */
		2B94550B2BC7CFA800CC8D6D = {
			isa = PBXGroup;
			children = (
				2B94552B2BC7CFBF00CC8D6D /* .gitignore */,
				2B9455162BC7CFA800CC8D6D /* LSLPTest */,
				2B9455152BC7CFA800CC8D6D /* Products */,
			);
			sourceTree = "<group>";
		};
		2B9455152BC7CFA800CC8D6D /* Products */ = {
			isa = PBXGroup;
			children = (
				2B9455142BC7CFA800CC8D6D /* LSLPTest.app */,
			);
			name = Products;
			sourceTree = "<group>";
		};
		2B9455162BC7CFA800CC8D6D /* LSLPTest */ = {
			isa = PBXGroup;
			children = (
				2B9455452BC8066D00CC8D6D /* Present */,
				2B9455402BC8047D00CC8D6D /* Protocol */,
				2B9455342BC7D0A100CC8D6D /* Network */,
				2B9455172BC7CFA800CC8D6D /* AppDelegate.swift */,
				2B9455192BC7CFA800CC8D6D /* SceneDelegate.swift */,
				2B94551B2BC7CFA800CC8D6D /* ViewController.swift */,
				2B94551D2BC7CFA800CC8D6D /* Main.storyboard */,
				2B9455202BC7CFAA00CC8D6D /* Assets.xcassets */,
				2B9455222BC7CFAA00CC8D6D /* LaunchScreen.storyboard */,
				2B9455252BC7CFAA00CC8D6D /* Info.plist */,
				2B94552D2BC7D00100CC8D6D /* APIKey.swift */,
			);
			path = LSLPTest;
			sourceTree = "<group>";
		};
		2B9455312BC7D06300CC8D6D /* SignIn */ = {
			isa = PBXGroup;
			children = (
				2B94552F2BC7D05F00CC8D6D /* SignInViewController.swift */,
				2B9455322BC7D08900CC8D6D /* SignView.swift */,
				2B9455432BC804F200CC8D6D /* SignInViewModel.swift */,
			);
			path = SignIn;
			sourceTree = "<group>";
		};
		2B9455342BC7D0A100CC8D6D /* Network */ = {
			isa = PBXGroup;
			children = (
				2B9455532BC8149300CC8D6D /* Model */,
				2B9455462BC8101200CC8D6D /* LoginQuery.swift */,
				2B9455482BC8123600CC8D6D /* TargetType.swift */,
				2B94554F2BC8127300CC8D6D /* HTTPHeader.swift */,
				2B9455512BC8128F00CC8D6D /* NetworkManager.swift */,
				2B9455562BC814CD00CC8D6D /* Router.swift */,
			);
			path = Network;
			sourceTree = "<group>";
		};
		2B9455352BC7D13000CC8D6D /* SignUp */ = {
			isa = PBXGroup;
			children = (
				2B9455582BC8173000CC8D6D /* SignUpViewController.swift */,
			);
			path = SignUp;
			sourceTree = "<group>";
		};
		2B9455402BC8047D00CC8D6D /* Protocol */ = {
			isa = PBXGroup;
			children = (
				2B9455412BC8049000CC8D6D /* ViewModelType.swift */,
			);
			path = Protocol;
			sourceTree = "<group>";
		};
		2B9455452BC8066D00CC8D6D /* Present */ = {
			isa = PBXGroup;
			children = (
				2B9455312BC7D06300CC8D6D /* SignIn */,
				2B9455352BC7D13000CC8D6D /* SignUp */,
			);
			path = Present;
			sourceTree = "<group>";
		};
		2B9455532BC8149300CC8D6D /* Model */ = {
			isa = PBXGroup;
			children = (
				2B9455542BC8149D00CC8D6D /* LoginModel.swift */,
			);
			path = Model;
			sourceTree = "<group>";
		};
/* End PBXGroup section */

/* Begin PBXNativeTarget section */
		2B9455132BC7CFA800CC8D6D /* LSLPTest */ = {
			isa = PBXNativeTarget;
			buildConfigurationList = 2B9455282BC7CFAA00CC8D6D /* Build configuration list for PBXNativeTarget "LSLPTest" */;
			buildPhases = (
				2B9455102BC7CFA800CC8D6D /* Sources */,
				2B9455112BC7CFA800CC8D6D /* Frameworks */,
				2B9455122BC7CFA800CC8D6D /* Resources */,
			);
			buildRules = (
			);
			dependencies = (
			);
			name = LSLPTest;
			packageProductDependencies = (
				2B9455372BC800F900CC8D6D /* SnapKit */,
				2B94553A2BC8011400CC8D6D /* RxCocoa */,
				2B94553C2BC8011400CC8D6D /* RxRelay */,
				2B94553E2BC8011400CC8D6D /* RxSwift */,
				2B94554B2BC8125500CC8D6D /* Alamofire */,
				2B94554D2BC8125500CC8D6D /* AlamofireDynamic */,
			);
			productName = LSLPTest;
			productReference = 2B9455142BC7CFA800CC8D6D /* LSLPTest.app */;
			productType = "com.apple.product-type.application";
		};
/* End PBXNativeTarget section */

/* Begin PBXProject section */
		2B94550C2BC7CFA800CC8D6D /* Project object */ = {
			isa = PBXProject;
			attributes = {
				BuildIndependentTargetsInParallel = 1;
				LastSwiftUpdateCheck = 1510;
				LastUpgradeCheck = 1510;
				TargetAttributes = {
					2B9455132BC7CFA800CC8D6D = {
						CreatedOnToolsVersion = 15.1;
					};
				};
			};
			buildConfigurationList = 2B94550F2BC7CFA800CC8D6D /* Build configuration list for PBXProject "LSLPTest" */;
			compatibilityVersion = "Xcode 14.0";
			developmentRegion = en;
			hasScannedForEncodings = 0;
			knownRegions = (
				en,
				Base,
			);
			mainGroup = 2B94550B2BC7CFA800CC8D6D;
			packageReferences = (
				2B9455362BC800F900CC8D6D /* XCRemoteSwiftPackageReference "SnapKit" */,
				2B9455392BC8011400CC8D6D /* XCRemoteSwiftPackageReference "RxSwift" */,
				2B94554A2BC8125500CC8D6D /* XCRemoteSwiftPackageReference "Alamofire" */,
			);
			productRefGroup = 2B9455152BC7CFA800CC8D6D /* Products */;
			projectDirPath = "";
			projectRoot = "";
			targets = (
				2B9455132BC7CFA800CC8D6D /* LSLPTest */,
			);
		};
/* End PBXProject section */

/* Begin PBXResourcesBuildPhase section */
		2B9455122BC7CFA800CC8D6D /* Resources */ = {
			isa = PBXResourcesBuildPhase;
			buildActionMask = 2147483647;
			files = (
				2B94552C2BC7CFBF00CC8D6D /* .gitignore in Resources */,
				2B9455242BC7CFAA00CC8D6D /* LaunchScreen.storyboard in Resources */,
				2B9455212BC7CFAA00CC8D6D /* Assets.xcassets in Resources */,
				2B94551F2BC7CFA800CC8D6D /* Main.storyboard in Resources */,
			);
			runOnlyForDeploymentPostprocessing = 0;
		};
/* End PBXResourcesBuildPhase section */

/* Begin PBXSourcesBuildPhase section */
		2B9455102BC7CFA800CC8D6D /* Sources */ = {
			isa = PBXSourcesBuildPhase;
			buildActionMask = 2147483647;
			files = (
				2B9455522BC8128F00CC8D6D /* NetworkManager.swift in Sources */,
				2B9455492BC8123600CC8D6D /* TargetType.swift in Sources */,
				2B9455332BC7D08900CC8D6D /* SignView.swift in Sources */,
				2B9455302BC7D05F00CC8D6D /* SignInViewController.swift in Sources */,
				2B94551C2BC7CFA800CC8D6D /* ViewController.swift in Sources */,
				2B9455182BC7CFA800CC8D6D /* AppDelegate.swift in Sources */,
				2B9455472BC8101200CC8D6D /* LoginQuery.swift in Sources */,
				2B9455442BC804F200CC8D6D /* SignInViewModel.swift in Sources */,
				2B9455552BC8149D00CC8D6D /* LoginModel.swift in Sources */,
				2B9455592BC8173000CC8D6D /* SignUpViewController.swift in Sources */,
				2B94552E2BC7D00100CC8D6D /* APIKey.swift in Sources */,
				2B9455572BC814CD00CC8D6D /* Router.swift in Sources */,
				2B9455502BC8127300CC8D6D /* HTTPHeader.swift in Sources */,
				2B94551A2BC7CFA800CC8D6D /* SceneDelegate.swift in Sources */,
				2B9455422BC8049000CC8D6D /* ViewModelType.swift in Sources */,
			);
			runOnlyForDeploymentPostprocessing = 0;
		};
/* End PBXSourcesBuildPhase section */

/* Begin PBXVariantGroup section */
		2B94551D2BC7CFA800CC8D6D /* Main.storyboard */ = {
			isa = PBXVariantGroup;
			children = (
				2B94551E2BC7CFA800CC8D6D /* Base */,
			);
			name = Main.storyboard;
			sourceTree = "<group>";
		};
		2B9455222BC7CFAA00CC8D6D /* LaunchScreen.storyboard */ = {
			isa = PBXVariantGroup;
			children = (
				2B9455232BC7CFAA00CC8D6D /* Base */,
			);
			name = LaunchScreen.storyboard;
			sourceTree = "<group>";
		};
/* End PBXVariantGroup section */

/* Begin XCBuildConfiguration section */
		2B9455262BC7CFAA00CC8D6D /* Debug */ = {
			isa = XCBuildConfiguration;
			buildSettings = {
				ALWAYS_SEARCH_USER_PATHS = NO;
				ASSETCATALOG_COMPILER_GENERATE_SWIFT_ASSET_SYMBOL_EXTENSIONS = YES;
				CLANG_ANALYZER_NONNULL = YES;
				CLANG_ANALYZER_NUMBER_OBJECT_CONVERSION = YES_AGGRESSIVE;
				CLANG_CXX_LANGUAGE_STANDARD = "gnu++20";
				CLANG_ENABLE_MODULES = YES;
				CLANG_ENABLE_OBJC_ARC = YES;
				CLANG_ENABLE_OBJC_WEAK = YES;
				CLANG_WARN_BLOCK_CAPTURE_AUTORELEASING = YES;
				CLANG_WARN_BOOL_CONVERSION = YES;
				CLANG_WARN_COMMA = YES;
				CLANG_WARN_CONSTANT_CONVERSION = YES;
				CLANG_WARN_DEPRECATED_OBJC_IMPLEMENTATIONS = YES;
				CLANG_WARN_DIRECT_OBJC_ISA_USAGE = YES_ERROR;
				CLANG_WARN_DOCUMENTATION_COMMENTS = YES;
				CLANG_WARN_EMPTY_BODY = YES;
				CLANG_WARN_ENUM_CONVERSION = YES;
				CLANG_WARN_INFINITE_RECURSION = YES;
				CLANG_WARN_INT_CONVERSION = YES;
				CLANG_WARN_NON_LITERAL_NULL_CONVERSION = YES;
				CLANG_WARN_OBJC_IMPLICIT_RETAIN_SELF = YES;
				CLANG_WARN_OBJC_LITERAL_CONVERSION = YES;
				CLANG_WARN_OBJC_ROOT_CLASS = YES_ERROR;
				CLANG_WARN_QUOTED_INCLUDE_IN_FRAMEWORK_HEADER = YES;
				CLANG_WARN_RANGE_LOOP_ANALYSIS = YES;
				CLANG_WARN_STRICT_PROTOTYPES = YES;
				CLANG_WARN_SUSPICIOUS_MOVE = YES;
				CLANG_WARN_UNGUARDED_AVAILABILITY = YES_AGGRESSIVE;
				CLANG_WARN_UNREACHABLE_CODE = YES;
				CLANG_WARN__DUPLICATE_METHOD_MATCH = YES;
				COPY_PHASE_STRIP = NO;
				DEBUG_INFORMATION_FORMAT = dwarf;
				ENABLE_STRICT_OBJC_MSGSEND = YES;
				ENABLE_TESTABILITY = YES;
				ENABLE_USER_SCRIPT_SANDBOXING = YES;
				GCC_C_LANGUAGE_STANDARD = gnu17;
				GCC_DYNAMIC_NO_PIC = NO;
				GCC_NO_COMMON_BLOCKS = YES;
				GCC_OPTIMIZATION_LEVEL = 0;
				GCC_PREPROCESSOR_DEFINITIONS = (
					"DEBUG=1",
					"$(inherited)",
				);
				GCC_WARN_64_TO_32_BIT_CONVERSION = YES;
				GCC_WARN_ABOUT_RETURN_TYPE = YES_ERROR;
				GCC_WARN_UNDECLARED_SELECTOR = YES;
				GCC_WARN_UNINITIALIZED_AUTOS = YES_AGGRESSIVE;
				GCC_WARN_UNUSED_FUNCTION = YES;
				GCC_WARN_UNUSED_VARIABLE = YES;
				IPHONEOS_DEPLOYMENT_TARGET = 17.2;
				LOCALIZATION_PREFERS_STRING_CATALOGS = YES;
				MTL_ENABLE_DEBUG_INFO = INCLUDE_SOURCE;
				MTL_FAST_MATH = YES;
				ONLY_ACTIVE_ARCH = YES;
				SDKROOT = iphoneos;
				SWIFT_ACTIVE_COMPILATION_CONDITIONS = "DEBUG $(inherited)";
				SWIFT_OPTIMIZATION_LEVEL = "-Onone";
			};
			name = Debug;
		};
		2B9455272BC7CFAA00CC8D6D /* Release */ = {
			isa = XCBuildConfiguration;
			buildSettings = {
				ALWAYS_SEARCH_USER_PATHS = NO;
				ASSETCATALOG_COMPILER_GENERATE_SWIFT_ASSET_SYMBOL_EXTENSIONS = YES;
				CLANG_ANALYZER_NONNULL = YES;
				CLANG_ANALYZER_NUMBER_OBJECT_CONVERSION = YES_AGGRESSIVE;
				CLANG_CXX_LANGUAGE_STANDARD = "gnu++20";
				CLANG_ENABLE_MODULES = YES;
				CLANG_ENABLE_OBJC_ARC = YES;
				CLANG_ENABLE_OBJC_WEAK = YES;
				CLANG_WARN_BLOCK_CAPTURE_AUTORELEASING = YES;
				CLANG_WARN_BOOL_CONVERSION = YES;
				CLANG_WARN_COMMA = YES;
				CLANG_WARN_CONSTANT_CONVERSION = YES;
				CLANG_WARN_DEPRECATED_OBJC_IMPLEMENTATIONS = YES;
				CLANG_WARN_DIRECT_OBJC_ISA_USAGE = YES_ERROR;
				CLANG_WARN_DOCUMENTATION_COMMENTS = YES;
				CLANG_WARN_EMPTY_BODY = YES;
				CLANG_WARN_ENUM_CONVERSION = YES;
				CLANG_WARN_INFINITE_RECURSION = YES;
				CLANG_WARN_INT_CONVERSION = YES;
				CLANG_WARN_NON_LITERAL_NULL_CONVERSION = YES;
				CLANG_WARN_OBJC_IMPLICIT_RETAIN_SELF = YES;
				CLANG_WARN_OBJC_LITERAL_CONVERSION = YES;
				CLANG_WARN_OBJC_ROOT_CLASS = YES_ERROR;
				CLANG_WARN_QUOTED_INCLUDE_IN_FRAMEWORK_HEADER = YES;
				CLANG_WARN_RANGE_LOOP_ANALYSIS = YES;
				CLANG_WARN_STRICT_PROTOTYPES = YES;
				CLANG_WARN_SUSPICIOUS_MOVE = YES;
				CLANG_WARN_UNGUARDED_AVAILABILITY = YES_AGGRESSIVE;
				CLANG_WARN_UNREACHABLE_CODE = YES;
				CLANG_WARN__DUPLICATE_METHOD_MATCH = YES;
				COPY_PHASE_STRIP = NO;
				DEBUG_INFORMATION_FORMAT = "dwarf-with-dsym";
				ENABLE_NS_ASSERTIONS = NO;
				ENABLE_STRICT_OBJC_MSGSEND = YES;
				ENABLE_USER_SCRIPT_SANDBOXING = YES;
				GCC_C_LANGUAGE_STANDARD = gnu17;
				GCC_NO_COMMON_BLOCKS = YES;
				GCC_WARN_64_TO_32_BIT_CONVERSION = YES;
				GCC_WARN_ABOUT_RETURN_TYPE = YES_ERROR;
				GCC_WARN_UNDECLARED_SELECTOR = YES;
				GCC_WARN_UNINITIALIZED_AUTOS = YES_AGGRESSIVE;
				GCC_WARN_UNUSED_FUNCTION = YES;
				GCC_WARN_UNUSED_VARIABLE = YES;
				IPHONEOS_DEPLOYMENT_TARGET = 17.2;
				LOCALIZATION_PREFERS_STRING_CATALOGS = YES;
				MTL_ENABLE_DEBUG_INFO = NO;
				MTL_FAST_MATH = YES;
				SDKROOT = iphoneos;
				SWIFT_COMPILATION_MODE = wholemodule;
				VALIDATE_PRODUCT = YES;
			};
			name = Release;
		};
		2B9455292BC7CFAA00CC8D6D /* Debug */ = {
			isa = XCBuildConfiguration;
			buildSettings = {
				ASSETCATALOG_COMPILER_APPICON_NAME = AppIcon;
				ASSETCATALOG_COMPILER_GLOBAL_ACCENT_COLOR_NAME = AccentColor;
				CODE_SIGN_STYLE = Automatic;
				CURRENT_PROJECT_VERSION = 1;
				DEVELOPMENT_TEAM = 5AC34WCF5G;
				GENERATE_INFOPLIST_FILE = YES;
				INFOPLIST_FILE = LSLPTest/Info.plist;
				INFOPLIST_KEY_UIApplicationSupportsIndirectInputEvents = YES;
				INFOPLIST_KEY_UILaunchStoryboardName = LaunchScreen;
				INFOPLIST_KEY_UIMainStoryboardFile = Main;
				INFOPLIST_KEY_UISupportedInterfaceOrientations_iPad = "UIInterfaceOrientationPortrait UIInterfaceOrientationPortraitUpsideDown UIInterfaceOrientationLandscapeLeft UIInterfaceOrientationLandscapeRight";
				INFOPLIST_KEY_UISupportedInterfaceOrientations_iPhone = "UIInterfaceOrientationPortrait UIInterfaceOrientationLandscapeLeft UIInterfaceOrientationLandscapeRight";
				LD_RUNPATH_SEARCH_PATHS = (
					"$(inherited)",
					"@executable_path/Frameworks",
				);
				MARKETING_VERSION = 1.0;
				PRODUCT_BUNDLE_IDENTIFIER = com.seo.LSLPTest;
				PRODUCT_NAME = "$(TARGET_NAME)";
				SUPPORTED_PLATFORMS = "iphoneos iphonesimulator";
				SUPPORTS_MACCATALYST = NO;
				SUPPORTS_MAC_DESIGNED_FOR_IPHONE_IPAD = NO;
				SWIFT_EMIT_LOC_STRINGS = YES;
				SWIFT_VERSION = 5.0;
				TARGETED_DEVICE_FAMILY = 1;
			};
			name = Debug;
		};
		2B94552A2BC7CFAA00CC8D6D /* Release */ = {
			isa = XCBuildConfiguration;
			buildSettings = {
				ASSETCATALOG_COMPILER_APPICON_NAME = AppIcon;
				ASSETCATALOG_COMPILER_GLOBAL_ACCENT_COLOR_NAME = AccentColor;
				CODE_SIGN_STYLE = Automatic;
				CURRENT_PROJECT_VERSION = 1;
				DEVELOPMENT_TEAM = 5AC34WCF5G;
				GENERATE_INFOPLIST_FILE = YES;
				INFOPLIST_FILE = LSLPTest/Info.plist;
				INFOPLIST_KEY_UIApplicationSupportsIndirectInputEvents = YES;
				INFOPLIST_KEY_UILaunchStoryboardName = LaunchScreen;
				INFOPLIST_KEY_UIMainStoryboardFile = Main;
				INFOPLIST_KEY_UISupportedInterfaceOrientations_iPad = "UIInterfaceOrientationPortrait UIInterfaceOrientationPortraitUpsideDown UIInterfaceOrientationLandscapeLeft UIInterfaceOrientationLandscapeRight";
				INFOPLIST_KEY_UISupportedInterfaceOrientations_iPhone = "UIInterfaceOrientationPortrait UIInterfaceOrientationLandscapeLeft UIInterfaceOrientationLandscapeRight";
				LD_RUNPATH_SEARCH_PATHS = (
					"$(inherited)",
					"@executable_path/Frameworks",
				);
				MARKETING_VERSION = 1.0;
				PRODUCT_BUNDLE_IDENTIFIER = com.seo.LSLPTest;
				PRODUCT_NAME = "$(TARGET_NAME)";
				SUPPORTED_PLATFORMS = "iphoneos iphonesimulator";
				SUPPORTS_MACCATALYST = NO;
				SUPPORTS_MAC_DESIGNED_FOR_IPHONE_IPAD = NO;
				SWIFT_EMIT_LOC_STRINGS = YES;
				SWIFT_VERSION = 5.0;
				TARGETED_DEVICE_FAMILY = 1;
			};
			name = Release;
		};
/* End XCBuildConfiguration section */

/* Begin XCConfigurationList section */
		2B94550F2BC7CFA800CC8D6D /* Build configuration list for PBXProject "LSLPTest" */ = {
			isa = XCConfigurationList;
			buildConfigurations = (
				2B9455262BC7CFAA00CC8D6D /* Debug */,
				2B9455272BC7CFAA00CC8D6D /* Release */,
			);
			defaultConfigurationIsVisible = 0;
			defaultConfigurationName = Release;
		};
		2B9455282BC7CFAA00CC8D6D /* Build configuration list for PBXNativeTarget "LSLPTest" */ = {
			isa = XCConfigurationList;
			buildConfigurations = (
				2B9455292BC7CFAA00CC8D6D /* Debug */,
				2B94552A2BC7CFAA00CC8D6D /* Release */,
			);
			defaultConfigurationIsVisible = 0;
			defaultConfigurationName = Release;
		};
/* End XCConfigurationList section */

/* Begin XCRemoteSwiftPackageReference section */
		2B9455362BC800F900CC8D6D /* XCRemoteSwiftPackageReference "SnapKit" */ = {
			isa = XCRemoteSwiftPackageReference;
			repositoryURL = "https://github.com/SnapKit/SnapKit.git";
			requirement = {
				kind = upToNextMajorVersion;
				minimumVersion = 5.7.1;
			};
		};
		2B9455392BC8011400CC8D6D /* XCRemoteSwiftPackageReference "RxSwift" */ = {
			isa = XCRemoteSwiftPackageReference;
			repositoryURL = "https://github.com/ReactiveX/RxSwift.git";
			requirement = {
				kind = upToNextMajorVersion;
				minimumVersion = 6.6.0;
			};
		};
		2B94554A2BC8125500CC8D6D /* XCRemoteSwiftPackageReference "Alamofire" */ = {
			isa = XCRemoteSwiftPackageReference;
			repositoryURL = "https://github.com/Alamofire/Alamofire.git";
			requirement = {
				kind = upToNextMajorVersion;
				minimumVersion = 5.9.1;
			};
		};
/* End XCRemoteSwiftPackageReference section */

/* Begin XCSwiftPackageProductDependency section */
		2B9455372BC800F900CC8D6D /* SnapKit */ = {
			isa = XCSwiftPackageProductDependency;
			package = 2B9455362BC800F900CC8D6D /* XCRemoteSwiftPackageReference "SnapKit" */;
			productName = SnapKit;
		};
		2B94553A2BC8011400CC8D6D /* RxCocoa */ = {
			isa = XCSwiftPackageProductDependency;
			package = 2B9455392BC8011400CC8D6D /* XCRemoteSwiftPackageReference "RxSwift" */;
			productName = RxCocoa;
		};
		2B94553C2BC8011400CC8D6D /* RxRelay */ = {
			isa = XCSwiftPackageProductDependency;
			package = 2B9455392BC8011400CC8D6D /* XCRemoteSwiftPackageReference "RxSwift" */;
			productName = RxRelay;
		};
		2B94553E2BC8011400CC8D6D /* RxSwift */ = {
			isa = XCSwiftPackageProductDependency;
			package = 2B9455392BC8011400CC8D6D /* XCRemoteSwiftPackageReference "RxSwift" */;
			productName = RxSwift;
		};
		2B94554B2BC8125500CC8D6D /* Alamofire */ = {
			isa = XCSwiftPackageProductDependency;
			package = 2B94554A2BC8125500CC8D6D /* XCRemoteSwiftPackageReference "Alamofire" */;
			productName = Alamofire;
		};
		2B94554D2BC8125500CC8D6D /* AlamofireDynamic */ = {
			isa = XCSwiftPackageProductDependency;
			package = 2B94554A2BC8125500CC8D6D /* XCRemoteSwiftPackageReference "Alamofire" */;
			productName = AlamofireDynamic;
		};
/* End XCSwiftPackageProductDependency section */
	};
	rootObject = 2B94550C2BC7CFA800CC8D6D /* Project object */;
}
